# THIS IS AN AUTOGENERATED FILE. DO NOT EDIT THIS FILE DIRECTLY.
# yarn lockfile v1


"@esbuild/android-arm64@0.19.4":
  version "0.19.4"
  resolved "https://registry.yarnpkg.com/@esbuild/android-arm64/-/android-arm64-0.19.4.tgz#74752a09301b8c6b9a415fbda9fb71406a62a7b7"
  integrity sha512-mRsi2vJsk4Bx/AFsNBqOH2fqedxn5L/moT58xgg51DjX1la64Z3Npicut2VbhvDFO26qjWtPMsVxCd80YTFVeg==

"@esbuild/android-arm@0.19.4":
  version "0.19.4"
  resolved "https://registry.yarnpkg.com/@esbuild/android-arm/-/android-arm-0.19.4.tgz#c27363e1e280e577d9b5c8fa7c7a3be2a8d79bf5"
  integrity sha512-uBIbiYMeSsy2U0XQoOGVVcpIktjLMEKa7ryz2RLr7L/vTnANNEsPVAh4xOv7ondGz6ac1zVb0F8Jx20rQikffQ==

"@esbuild/android-x64@0.19.4":
  version "0.19.4"
  resolved "https://registry.yarnpkg.com/@esbuild/android-x64/-/android-x64-0.19.4.tgz#6c9ee03d1488973d928618100048b75b147e0426"
  integrity sha512-4iPufZ1TMOD3oBlGFqHXBpa3KFT46aLl6Vy7gwed0ZSYgHaZ/mihbYb4t7Z9etjkC9Al3ZYIoOaHrU60gcMy7g==

"@esbuild/darwin-arm64@0.19.4":
  version "0.19.4"
  resolved "https://registry.yarnpkg.com/@esbuild/darwin-arm64/-/darwin-arm64-0.19.4.tgz#64e2ee945e5932cd49812caa80e8896e937e2f8b"
  integrity sha512-Lviw8EzxsVQKpbS+rSt6/6zjn9ashUZ7Tbuvc2YENgRl0yZTktGlachZ9KMJUsVjZEGFVu336kl5lBgDN6PmpA==

"@esbuild/darwin-x64@0.19.4":
  version "0.19.4"
  resolved "https://registry.yarnpkg.com/@esbuild/darwin-x64/-/darwin-x64-0.19.4.tgz#d8e26e1b965df284692e4d1263ba69a49b39ac7a"
  integrity sha512-YHbSFlLgDwglFn0lAO3Zsdrife9jcQXQhgRp77YiTDja23FrC2uwnhXMNkAucthsf+Psr7sTwYEryxz6FPAVqw==

"@esbuild/freebsd-arm64@0.19.4":
  version "0.19.4"
  resolved "https://registry.yarnpkg.com/@esbuild/freebsd-arm64/-/freebsd-arm64-0.19.4.tgz#29751a41b242e0a456d89713b228f1da4f45582f"
  integrity sha512-vz59ijyrTG22Hshaj620e5yhs2dU1WJy723ofc+KUgxVCM6zxQESmWdMuVmUzxtGqtj5heHyB44PjV/HKsEmuQ==

"@esbuild/freebsd-x64@0.19.4":
  version "0.19.4"
  resolved "https://registry.yarnpkg.com/@esbuild/freebsd-x64/-/freebsd-x64-0.19.4.tgz#873edc0f73e83a82432460ea59bf568c1e90b268"
  integrity sha512-3sRbQ6W5kAiVQRBWREGJNd1YE7OgzS0AmOGjDmX/qZZecq8NFlQsQH0IfXjjmD0XtUYqr64e0EKNFjMUlPL3Cw==

"@esbuild/linux-arm64@0.19.4":
  version "0.19.4"
  resolved "https://registry.yarnpkg.com/@esbuild/linux-arm64/-/linux-arm64-0.19.4.tgz#659f2fa988d448dbf5010b5cc583be757cc1b914"
  integrity sha512-ZWmWORaPbsPwmyu7eIEATFlaqm0QGt+joRE9sKcnVUG3oBbr/KYdNE2TnkzdQwX6EDRdg/x8Q4EZQTXoClUqqA==

"@esbuild/linux-arm@0.19.4":
  version "0.19.4"
  resolved "https://registry.yarnpkg.com/@esbuild/linux-arm/-/linux-arm-0.19.4.tgz#d5b13a7ec1f1c655ce05c8d319b3950797baee55"
  integrity sha512-z/4ArqOo9EImzTi4b6Vq+pthLnepFzJ92BnofU1jgNlcVb+UqynVFdoXMCFreTK7FdhqAzH0vmdwW5373Hm9pg==

"@esbuild/linux-ia32@0.19.4":
  version "0.19.4"
  resolved "https://registry.yarnpkg.com/@esbuild/linux-ia32/-/linux-ia32-0.19.4.tgz#878cd8bf24c9847c77acdb5dd1b2ef6e4fa27a82"
  integrity sha512-EGc4vYM7i1GRUIMqRZNCTzJh25MHePYsnQfKDexD8uPTCm9mK56NIL04LUfX2aaJ+C9vyEp2fJ7jbqFEYgO9lQ==

"@esbuild/linux-loong64@0.19.4":
  version "0.19.4"
  resolved "https://registry.yarnpkg.com/@esbuild/linux-loong64/-/linux-loong64-0.19.4.tgz#df890499f6e566b7de3aa2361be6df2b8d5fa015"
  integrity sha512-WVhIKO26kmm8lPmNrUikxSpXcgd6HDog0cx12BUfA2PkmURHSgx9G6vA19lrlQOMw+UjMZ+l3PpbtzffCxFDRg==

"@esbuild/linux-mips64el@0.19.4":
  version "0.19.4"
  resolved "https://registry.yarnpkg.com/@esbuild/linux-mips64el/-/linux-mips64el-0.19.4.tgz#76eae4e88d2ce9f4f1b457e93892e802851b6807"
  integrity sha512-keYY+Hlj5w86hNp5JJPuZNbvW4jql7c1eXdBUHIJGTeN/+0QFutU3GrS+c27L+NTmzi73yhtojHk+lr2+502Mw==

"@esbuild/linux-ppc64@0.19.4":
  version "0.19.4"
  resolved "https://registry.yarnpkg.com/@esbuild/linux-ppc64/-/linux-ppc64-0.19.4.tgz#c49032f4abbcfa3f747b543a106931fe3dce41ff"
  integrity sha512-tQ92n0WMXyEsCH4m32S21fND8VxNiVazUbU4IUGVXQpWiaAxOBvtOtbEt3cXIV3GEBydYsY8pyeRMJx9kn3rvw==

"@esbuild/linux-riscv64@0.19.4":
  version "0.19.4"
  resolved "https://registry.yarnpkg.com/@esbuild/linux-riscv64/-/linux-riscv64-0.19.4.tgz#0f815a090772138503ee0465a747e16865bf94b1"
  integrity sha512-tRRBey6fG9tqGH6V75xH3lFPpj9E8BH+N+zjSUCnFOX93kEzqS0WdyJHkta/mmJHn7MBaa++9P4ARiU4ykjhig==

"@esbuild/linux-s390x@0.19.4":
  version "0.19.4"
  resolved "https://registry.yarnpkg.com/@esbuild/linux-s390x/-/linux-s390x-0.19.4.tgz#8d2cca20cd4e7c311fde8701d9f1042664f8b92b"
  integrity sha512-152aLpQqKZYhThiJ+uAM4PcuLCAOxDsCekIbnGzPKVBRUDlgaaAfaUl5NYkB1hgY6WN4sPkejxKlANgVcGl9Qg==

"@esbuild/linux-x64@0.19.4":
  version "0.19.4"
  resolved "https://registry.yarnpkg.com/@esbuild/linux-x64/-/linux-x64-0.19.4.tgz#f618bec2655de49bff91c588777e37b5e3169d4a"
  integrity sha512-Mi4aNA3rz1BNFtB7aGadMD0MavmzuuXNTaYL6/uiYIs08U7YMPETpgNn5oue3ICr+inKwItOwSsJDYkrE9ekVg==

"@esbuild/netbsd-x64@0.19.4":
  version "0.19.4"
  resolved "https://registry.yarnpkg.com/@esbuild/netbsd-x64/-/netbsd-x64-0.19.4.tgz#7889744ca4d60f1538d62382b95e90a49687cef2"
  integrity sha512-9+Wxx1i5N/CYo505CTT7T+ix4lVzEdz0uCoYGxM5JDVlP2YdDC1Bdz+Khv6IbqmisT0Si928eAxbmGkcbiuM/A==

"@esbuild/openbsd-x64@0.19.4":
  version "0.19.4"
  resolved "https://registry.yarnpkg.com/@esbuild/openbsd-x64/-/openbsd-x64-0.19.4.tgz#c3e436eb9271a423d2e8436fcb120e3fd90e2b01"
  integrity sha512-MFsHleM5/rWRW9EivFssop+OulYVUoVcqkyOkjiynKBCGBj9Lihl7kh9IzrreDyXa4sNkquei5/DTP4uCk25xw==

"@esbuild/sunos-x64@0.19.4":
  version "0.19.4"
  resolved "https://registry.yarnpkg.com/@esbuild/sunos-x64/-/sunos-x64-0.19.4.tgz#f63f5841ba8c8c1a1c840d073afc99b53e8ce740"
  integrity sha512-6Xq8SpK46yLvrGxjp6HftkDwPP49puU4OF0hEL4dTxqCbfx09LyrbUj/D7tmIRMj5D5FCUPksBbxyQhp8tmHzw==

"@esbuild/win32-arm64@0.19.4":
  version "0.19.4"
  resolved "https://registry.yarnpkg.com/@esbuild/win32-arm64/-/win32-arm64-0.19.4.tgz#80be69cec92da4da7781cf7a8351b95cc5a236b0"
  integrity sha512-PkIl7Jq4mP6ke7QKwyg4fD4Xvn8PXisagV/+HntWoDEdmerB2LTukRZg728Yd1Fj+LuEX75t/hKXE2Ppk8Hh1w==

"@esbuild/win32-ia32@0.19.4":
  version "0.19.4"
  resolved "https://registry.yarnpkg.com/@esbuild/win32-ia32/-/win32-ia32-0.19.4.tgz#15dc0ed83d2794872b05d8edc4a358fecf97eb54"
  integrity sha512-ga676Hnvw7/ycdKB53qPusvsKdwrWzEyJ+AtItHGoARszIqvjffTwaaW3b2L6l90i7MO9i+dlAW415INuRhSGg==

"@esbuild/win32-x64@0.19.4":
  version "0.19.4"
  resolved "https://registry.yarnpkg.com/@esbuild/win32-x64/-/win32-x64-0.19.4.tgz#d46a6e220a717f31f39ae80f49477cc3220be0f0"
  integrity sha512-HP0GDNla1T3ZL8Ko/SHAS2GgtjOg+VmWnnYLhuTksr++EnduYB0f3Y2LzHsUwb2iQ13JGoY6G3R8h6Du/WG6uA==

"@hotwired/stimulus-webpack-helpers@^1.0.0":
  version "1.0.1"
  resolved "https://registry.yarnpkg.com/@hotwired/stimulus-webpack-helpers/-/stimulus-webpack-helpers-1.0.1.tgz#4cd74487adeca576c9865ac2b9fe5cb20cef16dd"
  integrity sha512-wa/zupVG0eWxRYJjC1IiPBdt3Lruv0RqGN+/DTMmUWUyMAEB27KXmVY6a8YpUVTM7QwVuaLNGW4EqDgrS2upXQ==

"@hotwired/stimulus@^3.2.2":
  version "3.2.2"
  resolved "https://registry.yarnpkg.com/@hotwired/stimulus/-/stimulus-3.2.2.tgz#071aab59c600fed95b97939e605ff261a4251608"
  integrity sha512-eGeIqNOQpXoPAIP7tC1+1Yc1yl1xnwYqg+3mzqxyrbE5pg5YFBZcA6YoTiByJB6DKAEsiWtl6tjTJS4IYtbB7A==

"@hotwired/turbo-rails@^7.3.0":
  version "7.3.0"
  resolved "https://registry.yarnpkg.com/@hotwired/turbo-rails/-/turbo-rails-7.3.0.tgz#422c21752509f3edcd6c7b2725bbe9e157815f51"
  integrity sha512-fvhO64vp/a2UVQ3jue9WTc2JisMv9XilIC7ViZmXAREVwiQ2S4UC7Go8f9A1j4Xu7DBI6SbFdqILk5ImqVoqyA==
  dependencies:
    "@hotwired/turbo" "^7.3.0"
    "@rails/actioncable" "^7.0"

"@hotwired/turbo@^7.3.0":
  version "7.3.0"
  resolved "https://registry.yarnpkg.com/@hotwired/turbo/-/turbo-7.3.0.tgz#2226000fff1aabda9fd9587474565c9929dbf15d"
  integrity sha512-Dcu+NaSvHLT7EjrDrkEmH4qET2ZJZ5IcCWmNXxNQTBwlnE5tBZfN6WxZ842n5cHV52DH/AKNirbPBtcEXDLW4g==

"@mapbox/geojson-rewind@^0.5.2":
  version "0.5.2"
  resolved "https://registry.yarnpkg.com/@mapbox/geojson-rewind/-/geojson-rewind-0.5.2.tgz#591a5d71a9cd1da1a0bf3420b3bea31b0fc7946a"
  integrity sha512-tJaT+RbYGJYStt7wI3cq4Nl4SXxG8W7JDG5DMJu97V25RnbNg3QtQtf+KD+VLjNpWKYsRvXDNmNrBgEETr1ifA==
  dependencies:
    get-stream "^6.0.1"
    minimist "^1.2.6"

"@mapbox/jsonlint-lines-primitives@^2.0.2":
  version "2.0.2"
  resolved "https://registry.yarnpkg.com/@mapbox/jsonlint-lines-primitives/-/jsonlint-lines-primitives-2.0.2.tgz#ce56e539f83552b58d10d672ea4d6fc9adc7b234"
  integrity sha512-rY0o9A5ECsTQRVhv7tL/OyDpGAoUB4tTvLiW1DSzQGq4bvTPhNw1VpSNjDJc5GFZ2XuyOtSWSVN05qOtcD71qQ==

"@mapbox/mapbox-gl-supported@^2.0.1":
  version "2.0.1"
  resolved "https://registry.yarnpkg.com/@mapbox/mapbox-gl-supported/-/mapbox-gl-supported-2.0.1.tgz#c15367178d8bfe4765e6b47b542fe821ce259c7b"
  integrity sha512-HP6XvfNIzfoMVfyGjBckjiAOQK9WfX0ywdLubuPMPv+Vqf5fj0uCbgBQYpiqcWZT6cbyyRnTSXDheT1ugvF6UQ==

"@mapbox/point-geometry@0.1.0", "@mapbox/point-geometry@^0.1.0", "@mapbox/point-geometry@~0.1.0":
  version "0.1.0"
  resolved "https://registry.yarnpkg.com/@mapbox/point-geometry/-/point-geometry-0.1.0.tgz#8a83f9335c7860effa2eeeca254332aa0aeed8f2"
  integrity sha512-6j56HdLTwWGO0fJPlrZtdU/B13q8Uwmo18Ck2GnGgN9PCFyKTZ3UbXeEdRFh18i9XQ92eH2VdtpJHpBD3aripQ==

"@mapbox/tiny-sdf@^2.0.6":
  version "2.0.6"
  resolved "https://registry.yarnpkg.com/@mapbox/tiny-sdf/-/tiny-sdf-2.0.6.tgz#9a1d33e5018093e88f6a4df2343e886056287282"
  integrity sha512-qMqa27TLw+ZQz5Jk+RcwZGH7BQf5G/TrutJhspsca/3SHwmgKQ1iq+d3Jxz5oysPVYTGP6aXxCo5Lk9Er6YBAA==

"@mapbox/unitbezier@^0.0.1":
  version "0.0.1"
  resolved "https://registry.yarnpkg.com/@mapbox/unitbezier/-/unitbezier-0.0.1.tgz#d32deb66c7177e9e9dfc3bbd697083e2e657ff01"
  integrity sha512-nMkuDXFv60aBr9soUG5q+GvZYL+2KZHVvsqFCzqnkGEf46U2fvmytHaEVc1/YZbiLn8X+eR3QzX1+dwDO1lxlw==

"@mapbox/vector-tile@^1.3.1":
  version "1.3.1"
  resolved "https://registry.yarnpkg.com/@mapbox/vector-tile/-/vector-tile-1.3.1.tgz#d3a74c90402d06e89ec66de49ec817ff53409666"
  integrity sha512-MCEddb8u44/xfQ3oD+Srl/tNcQoqTw3goGk2oLsrFxOTc3dUp+kAnby3PvAeeBYSMSjSPD1nd1AJA6W49WnoUw==
  dependencies:
    "@mapbox/point-geometry" "~0.1.0"

"@mapbox/whoots-js@^3.1.0":
  version "3.1.0"
  resolved "https://registry.yarnpkg.com/@mapbox/whoots-js/-/whoots-js-3.1.0.tgz#497c67a1cef50d1a2459ba60f315e448d2ad87fe"
  integrity sha512-Es6WcD0nO5l+2BOQS4uLfNPYQaNDfbot3X1XUoloz+x0mPDS3eeORZJl06HXjwBG1fOGwCRnzK88LMdxKRrd6Q==

"@rails/actioncable@^7.0":
  version "7.1.1"
  resolved "https://registry.yarnpkg.com/@rails/actioncable/-/actioncable-7.1.1.tgz#e8c49769d41f35a4473133c259cc98adc04dddf8"
  integrity sha512-ZRJ9rdwFQQjRbtgJnweY0/4UQyxN6ojEGRdib0JkjnuIciv+4ok/aAeZmBJqNreTMaBqS0eHyA9hCArwN58opg==

"@types/geojson@*":
  version "7946.0.12"
  resolved "https://registry.yarnpkg.com/@types/geojson/-/geojson-7946.0.12.tgz#0307536218d32e6b970bccd1d148b9c4e5b6f10d"
  integrity sha512-uK2z1ZHJyC0nQRbuovXFt4mzXDwf27vQeUWNhfKGwRcWW429GOhP8HxUHlM6TLH4bzmlv/HlEjpvJh3JfmGsAA==

"@types/mapbox-gl@^2.7.17":
  version "2.7.17"
  resolved "https://registry.yarnpkg.com/@types/mapbox-gl/-/mapbox-gl-2.7.17.tgz#cba3559ccd041b32d492d14d06c1f1fedba0a2cb"
  integrity sha512-5lDO2W6glPCqiRuqKh0a7MPOwnVt1/KWcYnxsL3z5rmjuOcFdHEa+KzUwCzqsAlbAegIIhgQiREZzJ9o1ze1gQ==
  dependencies:
    "@types/geojson" "*"

csscolorparser@~1.0.3:
  version "1.0.3"
  resolved "https://registry.yarnpkg.com/csscolorparser/-/csscolorparser-1.0.3.tgz#b34f391eea4da8f3e98231e2ccd8df9c041f171b"
  integrity sha512-umPSgYwZkdFoUrH5hIq5kf0wPSXiro51nPw0j2K/c83KflkPSTBGMz6NJvMB+07VlL0y7VPo6QJcDjcgKTTm3w==

earcut@^2.2.4:
  version "2.2.4"
  resolved "https://registry.yarnpkg.com/earcut/-/earcut-2.2.4.tgz#6d02fd4d68160c114825d06890a92ecaae60343a"
  integrity sha512-/pjZsA1b4RPHbeWZQn66SWS8nZZWLQQ23oE3Eam7aroEFGEvwKAsJfZ9ytiEMycfzXWpca4FA9QIOehf7PocBQ==

esbuild@^0.19.4:
  version "0.19.4"
  resolved "https://registry.yarnpkg.com/esbuild/-/esbuild-0.19.4.tgz#cdf5c4c684956d550bc3c6d0c01dac7fef6c75b1"
  integrity sha512-x7jL0tbRRpv4QUyuDMjONtWFciygUxWaUM1kMX2zWxI0X2YWOt7MSA0g4UdeSiHM8fcYVzpQhKYOycZwxTdZkA==
  optionalDependencies:
    "@esbuild/android-arm" "0.19.4"
    "@esbuild/android-arm64" "0.19.4"
    "@esbuild/android-x64" "0.19.4"
    "@esbuild/darwin-arm64" "0.19.4"
    "@esbuild/darwin-x64" "0.19.4"
    "@esbuild/freebsd-arm64" "0.19.4"
    "@esbuild/freebsd-x64" "0.19.4"
    "@esbuild/linux-arm" "0.19.4"
    "@esbuild/linux-arm64" "0.19.4"
    "@esbuild/linux-ia32" "0.19.4"
    "@esbuild/linux-loong64" "0.19.4"
    "@esbuild/linux-mips64el" "0.19.4"
    "@esbuild/linux-ppc64" "0.19.4"
    "@esbuild/linux-riscv64" "0.19.4"
    "@esbuild/linux-s390x" "0.19.4"
    "@esbuild/linux-x64" "0.19.4"
    "@esbuild/netbsd-x64" "0.19.4"
    "@esbuild/openbsd-x64" "0.19.4"
    "@esbuild/sunos-x64" "0.19.4"
    "@esbuild/win32-arm64" "0.19.4"
    "@esbuild/win32-ia32" "0.19.4"
    "@esbuild/win32-x64" "0.19.4"

geojson-vt@^3.2.1:
  version "3.2.1"
  resolved "https://registry.yarnpkg.com/geojson-vt/-/geojson-vt-3.2.1.tgz#f8adb614d2c1d3f6ee7c4265cad4bbf3ad60c8b7"
  integrity sha512-EvGQQi/zPrDA6zr6BnJD/YhwAkBP8nnJ9emh3EnHQKVMfg/MRVtPbMYdgVy/IaEmn4UfagD2a6fafPDL5hbtwg==

get-stream@^6.0.1:
  version "6.0.1"
  resolved "https://registry.yarnpkg.com/get-stream/-/get-stream-6.0.1.tgz#a262d8eef67aced57c2852ad6167526a43cbf7b7"
  integrity sha512-ts6Wi+2j3jQjqi70w5AlN8DFnkSwC+MqmxEzdEALB2qXZYV3X/b1CTfgPLGJNMeAWxdPfU8FO1ms3NUfaHCPYg==

gl-matrix@^3.4.3:
  version "3.4.3"
  resolved "https://registry.yarnpkg.com/gl-matrix/-/gl-matrix-3.4.3.tgz#fc1191e8320009fd4d20e9339595c6041ddc22c9"
  integrity sha512-wcCp8vu8FT22BnvKVPjXa/ICBWRq/zjFfdofZy1WSpQZpphblv12/bOQLBC1rMM7SGOFS9ltVmKOHil5+Ml7gA==

grid-index@^1.1.0:
  version "1.1.0"
  resolved "https://registry.yarnpkg.com/grid-index/-/grid-index-1.1.0.tgz#97f8221edec1026c8377b86446a7c71e79522ea7"
  integrity sha512-HZRwumpOGUrHyxO5bqKZL0B0GlUpwtCAzZ42sgxUPniu33R1LSFH5yrIcBCHjkctCAh3mtWKcKd9J4vDDdeVHA==

ieee754@^1.1.12:
  version "1.2.1"
  resolved "https://registry.yarnpkg.com/ieee754/-/ieee754-1.2.1.tgz#8eb7a10a63fff25d15a57b001586d177d1b0d352"
  integrity sha512-dcyqhDvX1C46lXZcVqCpK+FtMRQVdIMN6/Df5js2zouUsqG7I6sFxitIC+7KYK29KdXOLHdu9zL4sFnoVQnqaA==

kdbush@^4.0.1, kdbush@^4.0.2:
  version "4.0.2"
  resolved "https://registry.yarnpkg.com/kdbush/-/kdbush-4.0.2.tgz#2f7b7246328b4657dd122b6c7f025fbc2c868e39"
  integrity sha512-WbCVYJ27Sz8zi9Q7Q0xHC+05iwkm3Znipc2XTlrnJbsHMYktW4hPhXUE8Ys1engBrvffoSCqbil1JQAa7clRpA==

mapbox-gl@^2.15.0:
  version "2.15.0"
  resolved "https://registry.yarnpkg.com/mapbox-gl/-/mapbox-gl-2.15.0.tgz#9439828d0bae1e7b464ae08b30cb2e65a7e2256d"
  integrity sha512-fjv+aYrd5TIHiL7wRa+W7KjtUqKWziJMZUkK5hm8TvJ3OLeNPx4NmW/DgfYhd/jHej8wWL+QJBDbdMMAKvNC0A==
  dependencies:
    "@mapbox/geojson-rewind" "^0.5.2"
    "@mapbox/jsonlint-lines-primitives" "^2.0.2"
    "@mapbox/mapbox-gl-supported" "^2.0.1"
    "@mapbox/point-geometry" "^0.1.0"
    "@mapbox/tiny-sdf" "^2.0.6"
    "@mapbox/unitbezier" "^0.0.1"
    "@mapbox/vector-tile" "^1.3.1"
    "@mapbox/whoots-js" "^3.1.0"
    csscolorparser "~1.0.3"
    earcut "^2.2.4"
    geojson-vt "^3.2.1"
    gl-matrix "^3.4.3"
    grid-index "^1.1.0"
    kdbush "^4.0.1"
    murmurhash-js "^1.0.0"
    pbf "^3.2.1"
    potpack "^2.0.0"
    quickselect "^2.0.0"
    rw "^1.3.3"
    supercluster "^8.0.0"
    tinyqueue "^2.0.3"
    vt-pbf "^3.1.3"

minimist@^1.2.6:
  version "1.2.8"
  resolved "https://registry.yarnpkg.com/minimist/-/minimist-1.2.8.tgz#c1a464e7693302e082a075cee0c057741ac4772c"
  integrity sha512-2yyAR8qBkN3YuheJanUpWC5U3bb5osDywNB8RzDVlDwDHbocAJveqqj1u8+SVD7jkWT4yvsHCpWqqWqAxb0zCA==

murmurhash-js@^1.0.0:
  version "1.0.0"
  resolved "https://registry.yarnpkg.com/murmurhash-js/-/murmurhash-js-1.0.0.tgz#b06278e21fc6c37fa5313732b0412bcb6ae15f51"
  integrity sha512-TvmkNhkv8yct0SVBSy+o8wYzXjE4Zz3PCesbfs8HiCXXdcTuocApFv11UWlNFWKYsP2okqrhb7JNlSm9InBhIw==

pbf@^3.2.1:
  version "3.2.1"
  resolved "https://registry.yarnpkg.com/pbf/-/pbf-3.2.1.tgz#b4c1b9e72af966cd82c6531691115cc0409ffe2a"
  integrity sha512-ClrV7pNOn7rtmoQVF4TS1vyU0WhYRnP92fzbfF75jAIwpnzdJXf8iTd4CMEqO4yUenH6NDqLiwjqlh6QgZzgLQ==
  dependencies:
    ieee754 "^1.1.12"
    resolve-protobuf-schema "^2.1.0"

potpack@^2.0.0:
  version "2.0.0"
  resolved "https://registry.yarnpkg.com/potpack/-/potpack-2.0.0.tgz#61f4dd2dc4b3d5e996e3698c0ec9426d0e169104"
  integrity sha512-Q+/tYsFU9r7xoOJ+y/ZTtdVQwTWfzjbiXBDMM/JKUux3+QPP02iUuIoeBQ+Ot6oEDlC+/PGjB/5A3K7KKb7hcw==

protocol-buffers-schema@^3.3.1:
  version "3.6.0"
  resolved "https://registry.yarnpkg.com/protocol-buffers-schema/-/protocol-buffers-schema-3.6.0.tgz#77bc75a48b2ff142c1ad5b5b90c94cd0fa2efd03"
  integrity sha512-TdDRD+/QNdrCGCE7v8340QyuXd4kIWIgapsE2+n/SaGiSSbomYl4TjHlvIoCWRpE7wFt02EpB35VVA2ImcBVqw==

quickselect@^2.0.0:
  version "2.0.0"
  resolved "https://registry.yarnpkg.com/quickselect/-/quickselect-2.0.0.tgz#f19680a486a5eefb581303e023e98faaf25dd018"
  integrity sha512-RKJ22hX8mHe3Y6wH/N3wCM6BWtjaxIyyUIkpHOvfFnxdI4yD4tBXEBKSbriGujF6jnSVkJrffuo6vxACiSSxIw==

resolve-protobuf-schema@^2.1.0:
  version "2.1.0"
  resolved "https://registry.yarnpkg.com/resolve-protobuf-schema/-/resolve-protobuf-schema-2.1.0.tgz#9ca9a9e69cf192bbdaf1006ec1973948aa4a3758"
  integrity sha512-kI5ffTiZWmJaS/huM8wZfEMer1eRd7oJQhDuxeCLe3t7N7mX3z94CN0xPxBQxFYQTSNz9T0i+v6inKqSdK8xrQ==
  dependencies:
    protocol-buffers-schema "^3.3.1"

rw@^1.3.3:
  version "1.3.3"
  resolved "https://registry.yarnpkg.com/rw/-/rw-1.3.3.tgz#3f862dfa91ab766b14885ef4d01124bfda074fb4"
  integrity sha512-PdhdWy89SiZogBLaw42zdeqtRJ//zFd2PgQavcICDUgJT5oW10QCRKbJ6bg4r0/UY2M6BWd5tkxuGFRvCkgfHQ==

stimulus@^3.2.2:
  version "3.2.2"
  resolved "https://registry.yarnpkg.com/stimulus/-/stimulus-3.2.2.tgz#a2e955f43e12e2e5784b175d4df5517ef678aa68"
  integrity sha512-sEGK0ofeMuW+B2oPLTigCqxl47P9vRfZxeqzY5Hk1u0QPWS8DZhW+VOEEyngtzdHM+MutXKGBT8BkUKoA0060Q==
  dependencies:
    "@hotwired/stimulus" "^3.2.2"
    "@hotwired/stimulus-webpack-helpers" "^1.0.0"

supercluster@^8.0.0:
  version "8.0.1"
  resolved "https://registry.yarnpkg.com/supercluster/-/supercluster-8.0.1.tgz#9946ba123538e9e9ab15de472531f604e7372df5"
  integrity sha512-IiOea5kJ9iqzD2t7QJq/cREyLHTtSmUT6gQsweojg9WH2sYJqZK9SswTu6jrscO6D1G5v5vYZ9ru/eq85lXeZQ==
  dependencies:
    kdbush "^4.0.2"

tinyqueue@^2.0.3:
  version "2.0.3"
  resolved "https://registry.yarnpkg.com/tinyqueue/-/tinyqueue-2.0.3.tgz#64d8492ebf39e7801d7bd34062e29b45b2035f08"
  integrity sha512-ppJZNDuKGgxzkHihX8v9v9G5f+18gzaTfrukGrq6ueg0lmH4nqVnA2IPG0AEH3jKEk2GRJCUhDoqpoiw3PHLBA==

vt-pbf@^3.1.3:
  version "3.1.3"
  resolved "https://registry.yarnpkg.com/vt-pbf/-/vt-pbf-3.1.3.tgz#68fd150756465e2edae1cc5c048e063916dcfaac"
  integrity sha512-2LzDFzt0mZKZ9IpVF2r69G9bXaP2Q2sArJCmcCgvfTdCCZzSyz4aCLoQyUilu37Ll56tCblIZrXFIjNUpGIlmA==
  dependencies:
    "@mapbox/point-geometry" "0.1.0"
    "@mapbox/vector-tile" "^1.3.1"
    pbf "^3.2.1"
